
Microsoft Visual Studio Solution File, Format Version 12.00
# Visual Studio Version 17
VisualStudioVersion = 17.3.32922.545
MinimumVisualStudioVersion = 10.0.40219.1
Project("{FAE04EC0-301F-11D3-BF4B-00C04F79EFBC}") = "School", "School\School.csproj", "{198F4086-8954-4B23-BD3E-A5D0C62A73CB}"
EndProject
Global
	GlobalSection(SolutionConfigurationPlatforms) = preSolution
		Debug|Any CPU = Debug|Any CPU
		Release|Any CPU = Release|Any CPU
	EndGlobalSection
	GlobalSection(ProjectConfigurationPlatforms) = postSolution
		{198F4086-8954-4B23-BD3E-A5D0C62A73CB}.Debug|Any CPU.ActiveCfg = Debug|Any CPU
		{198F4086-8954-4B23-BD3E-A5D0C62A73CB}.Debug|Any CPU.Build.0 = Debug|Any CPU
		{198F4086-8954-4B23-BD3E-A5D0C62A73CB}.Release|Any CPU.ActiveCfg = Release|Any CPU
		{198F4086-8954-4B23-BD3E-A5D0C62A73CB}.Release|Any CPU.Build.0 = Release|Any CPU
	EndGlobalSection
	GlobalSection(SolutionProperties) = preSolution
		HideSolutionNode = FALSE
	EndGlobalSection
	GlobalSection(ExtensibilityGlobals) = postSolution
		SolutionGuid = {715426F5-1950-4CCD-9363-FF1C99DE36B8}
	EndGlobalSection
EndGlobal
